
Microsoft Visual Studio Solution File, Format Version 12.00
# Visual Studio Version 17
VisualStudioVersion = 17.2.32616.157
MinimumVisualStudioVersion = 10.0.40219.1
Project("{FAE04EC0-301F-11D3-BF4B-00C04F79EFBC}") = "ProductReviewManagement", "ProductReviewManagement\ProductReviewManagement.csproj", "{A3361822-8C6A-411A-978B-EB56BE15E09A}"
EndProject
Global
	GlobalSection(SolutionConfigurationPlatforms) = preSolution
		Debug|Any CPU = Debug|Any CPU
		Release|Any CPU = Release|Any CPU
	EndGlobalSection
	GlobalSection(ProjectConfigurationPlatforms) = postSolution
		{A3361822-8C6A-411A-978B-EB56BE15E09A}.Debug|Any CPU.ActiveCfg = Debug|Any CPU
		{A3361822-8C6A-411A-978B-EB56BE15E09A}.Debug|Any CPU.Build.0 = Debug|Any CPU
		{A3361822-8C6A-411A-978B-EB56BE15E09A}.Release|Any CPU.ActiveCfg = Release|Any CPU
		{A3361822-8C6A-411A-978B-EB56BE15E09A}.Release|Any CPU.Build.0 = Release|Any CPU
	EndGlobalSection
	GlobalSection(SolutionProperties) = preSolution
		HideSolutionNode = FALSE
	EndGlobalSection
	GlobalSection(ExtensibilityGlobals) = postSolution
		SolutionGuid = {5416A703-607A-4744-83E0-34069130EB82}
	EndGlobalSection
EndGlobal
